
Microsoft Visual Studio Solution File, Format Version 12.00
# Visual Studio Version 16
VisualStudioVersion = 16.0.29519.181
MinimumVisualStudioVersion = 10.0.40219.1
Project("{FAE04EC0-301F-11D3-BF4B-00C04F79EFBC}") = "CW_windows_forms", "CW_windows_forms\CW_windows_forms.csproj", "{2A2C979B-5DA7-44B9-82CF-8AE5635CEB6D}"
EndProject
Global
	GlobalSection(SolutionConfigurationPlatforms) = preSolution
		Debug|Any CPU = Debug|Any CPU
		Release|Any CPU = Release|Any CPU
	EndGlobalSection
	GlobalSection(ProjectConfigurationPlatforms) = postSolution
		{2A2C979B-5DA7-44B9-82CF-8AE5635CEB6D}.Debug|Any CPU.ActiveCfg = Debug|Any CPU
		{2A2C979B-5DA7-44B9-82CF-8AE5635CEB6D}.Debug|Any CPU.Build.0 = Debug|Any CPU
		{2A2C979B-5DA7-44B9-82CF-8AE5635CEB6D}.Release|Any CPU.ActiveCfg = Release|Any CPU
		{2A2C979B-5DA7-44B9-82CF-8AE5635CEB6D}.Release|Any CPU.Build.0 = Release|Any CPU
	EndGlobalSection
	GlobalSection(SolutionProperties) = preSolution
		HideSolutionNode = FALSE
	EndGlobalSection
	GlobalSection(ExtensibilityGlobals) = postSolution
		SolutionGuid = {343718C3-F329-4625-AE6F-80AD3D4D7E2C}
	EndGlobalSection
EndGlobal
